<?xml version="1.0" encoding="utf-8"?>
<Project ToolsVersion="4.0" xmlns="http://schemas.microsoft.com/developer/msbuild/2003">
  <ItemGroup>
    <Filter Include="源文件">
      <UniqueIdentifier>{4FC737F1-C7A5-4376-A066-2A32D752A2FF}</UniqueIdentifier>
      <Extensions>cpp;c;cc;cxx;def;odl;idl;hpj;bat;asm;asmx</Extensions>
    </Filter>
    <Filter Include="头文件">
      <UniqueIdentifier>{93995380-89BD-4b04-88EB-625FBE52EBFB}</UniqueIdentifier>
      <Extensions>h;hh;hpp;hxx;hm;inl;inc;xsd</Extensions>
    </Filter>
    <Filter Include="资源文件">
      <UniqueIdentifier>{67DA6AB6-F800-4c08-8B7A-83BB121AAD01}</UniqueIdentifier>
      <Extensions>rc;ico;cur;bmp;dlg;rc2;rct;bin;rgs;gif;jpg;jpeg;jpe;resx;tiff;tif;png;wav;mfcribbon-ms</Extensions>
    </Filter>
  </ItemGroup>
  <ItemGroup>
    <None Include="grbl.ino" />
    <None Include="ClassDiagram.cd" />
  </ItemGroup>
  <ItemGroup>
    <ClInclude Include="__vm\.grbl.vsarduino.h">
      <Filter>头文件</Filter>
    </ClInclude>
    <ClInclude Include="config.h">
      <Filter>头文件</Filter>
    </ClInclude>
    <ClInclude Include="coolant_control.h">
      <Filter>头文件</Filter>
    </ClInclude>
    <ClInclude Include="cpu_map.h">
      <Filter>头文件</Filter>
    </ClInclude>
    <ClInclude Include="defaults.h">
      <Filter>头文件</Filter>
    </ClInclude>
    <ClInclude Include="eeprom.h">
      <Filter>头文件</Filter>
    </ClInclude>
    <ClInclude Include="gcode.h">
      <Filter>头文件</Filter>
    </ClInclude>
    <ClInclude Include="grbl.h">
      <Filter>头文件</Filter>
    </ClInclude>
    <ClInclude Include="limits.h">
      <Filter>头文件</Filter>
    </ClInclude>
    <ClInclude Include="motion_control.h">
      <Filter>头文件</Filter>
    </ClInclude>
    <ClInclude Include="nuts_bolts.h">
      <Filter>头文件</Filter>
    </ClInclude>
    <ClInclude Include="planner.h">
      <Filter>头文件</Filter>
    </ClInclude>
    <ClInclude Include="print.h">
      <Filter>头文件</Filter>
    </ClInclude>
    <ClInclude Include="probe.h">
      <Filter>头文件</Filter>
    </ClInclude>
    <ClInclude Include="protocol.h">
      <Filter>头文件</Filter>
    </ClInclude>
    <ClInclude Include="report.h">
      <Filter>头文件</Filter>
    </ClInclude>
    <ClInclude Include="serial.h">
      <Filter>头文件</Filter>
    </ClInclude>
    <ClInclude Include="settings.h">
      <Filter>头文件</Filter>
    </ClInclude>
    <ClInclude Include="spindle_control.h">
      <Filter>头文件</Filter>
    </ClInclude>
    <ClInclude Include="stepper.h">
      <Filter>头文件</Filter>
    </ClInclude>
    <ClInclude Include="system.h">
      <Filter>头文件</Filter>
    </ClInclude>
  </ItemGroup>
  <ItemGroup>
    <ClCompile Include="coolant_control.c">
      <Filter>源文件</Filter>
    </ClCompile>
    <ClCompile Include="eeprom.c">
      <Filter>源文件</Filter>
    </ClCompile>
    <ClCompile Include="gcode.c">
      <Filter>源文件</Filter>
    </ClCompile>
    <ClCompile Include="limits.c">
      <Filter>源文件</Filter>
    </ClCompile>
    <ClCompile Include="main.c">
      <Filter>源文件</Filter>
    </ClCompile>
    <ClCompile Include="motion_control.c">
      <Filter>源文件</Filter>
    </ClCompile>
    <ClCompile Include="nuts_bolts.c">
      <Filter>源文件</Filter>
    </ClCompile>
    <ClCompile Include="planner.c">
      <Filter>源文件</Filter>
    </ClCompile>
    <ClCompile Include="print.c">
      <Filter>源文件</Filter>
    </ClCompile>
    <ClCompile Include="probe.c">
      <Filter>源文件</Filter>
    </ClCompile>
    <ClCompile Include="protocol.c">
      <Filter>源文件</Filter>
    </ClCompile>
    <ClCompile Include="report.c">
      <Filter>源文件</Filter>
    </ClCompile>
    <ClCompile Include="serial.c">
      <Filter>源文件</Filter>
    </ClCompile>
    <ClCompile Include="settings.c">
      <Filter>源文件</Filter>
    </ClCompile>
    <ClCompile Include="spindle_control.c">
      <Filter>源文件</Filter>
    </ClCompile>
    <ClCompile Include="stepper.c">
      <Filter>源文件</Filter>
    </ClCompile>
    <ClCompile Include="system.c">
      <Filter>源文件</Filter>
    </ClCompile>
    <ClCompile Include="grbl\stepper.c">
      <Filter>源文件</Filter>
    </ClCompile>
  </ItemGroup>
</Project>